// !$*UTF8*$!
{
	archiveVersion = 1;
	classes = {
	};
	objectVersion = 50;
	objects = {

/* Begin PBXBuildFile section */
		F91C11CD27BBB690008810BE /* AppDelegate.swift in Sources */ = {isa = PBXBuildFile; fileRef = F91C11CC27BBB690008810BE /* AppDelegate.swift */; };
		F91C11CF27BBB690008810BE /* SceneDelegate.swift in Sources */ = {isa = PBXBuildFile; fileRef = F91C11CE27BBB690008810BE /* SceneDelegate.swift */; };
		F91C11D127BBB690008810BE /* ViewController.swift in Sources */ = {isa = PBXBuildFile; fileRef = F91C11D027BBB690008810BE /* ViewController.swift */; };
		F91C11D427BBB690008810BE /* Main.storyboard in Resources */ = {isa = PBXBuildFile; fileRef = F91C11D227BBB690008810BE /* Main.storyboard */; };
		F91C11D627BBB693008810BE /* Assets.xcassets in Resources */ = {isa = PBXBuildFile; fileRef = F91C11D527BBB693008810BE /* Assets.xcassets */; };
		F91C11D927BBB693008810BE /* LaunchScreen.storyboard in Resources */ = {isa = PBXBuildFile; fileRef = F91C11D727BBB693008810BE /* LaunchScreen.storyboard */; };
		F91C11E127BBBC5E008810BE /* Petition.swift in Sources */ = {isa = PBXBuildFile; fileRef = F91C11E027BBBC5E008810BE /* Petition.swift */; };
		F91C11E327BBBCD3008810BE /* Petitions.swift in Sources */ = {isa = PBXBuildFile; fileRef = F91C11E227BBBCD3008810BE /* Petitions.swift */; };
		F91C11E527BBCBE6008810BE /* DetailViewController.swift in Sources */ = {isa = PBXBuildFile; fileRef = F91C11E427BBCBE6008810BE /* DetailViewController.swift */; };
/* End PBXBuildFile section */

/* Begin PBXFileReference section */
		F91C11C927BBB690008810BE /* ProjectJSON.app */ = {isa = PBXFileReference; explicitFileType = wrapper.application; includeInIndex = 0; path = ProjectJSON.app; sourceTree = BUILT_PRODUCTS_DIR; };
		F91C11CC27BBB690008810BE /* AppDelegate.swift */ = {isa = PBXFileReference; lastKnownFileType = sourcecode.swift; path = AppDelegate.swift; sourceTree = "<group>"; };
		F91C11CE27BBB690008810BE /* SceneDelegate.swift */ = {isa = PBXFileReference; lastKnownFileType = sourcecode.swift; path = SceneDelegate.swift; sourceTree = "<group>"; };
		F91C11D027BBB690008810BE /* ViewController.swift */ = {isa = PBXFileReference; lastKnownFileType = sourcecode.swift; path = ViewController.swift; sourceTree = "<group>"; };
		F91C11D327BBB690008810BE /* Base */ = {isa = PBXFileReference; lastKnownFileType = file.storyboard; name = Base; path = Base.lproj/Main.storyboard; sourceTree = "<group>"; };
		F91C11D527BBB693008810BE /* Assets.xcassets */ = {isa = PBXFileReference; lastKnownFileType = folder.assetcatalog; path = Assets.xcassets; sourceTree = "<group>"; };
		F91C11D827BBB693008810BE /* Base */ = {isa = PBXFileReference; lastKnownFileType = file.storyboard; name = Base; path = Base.lproj/LaunchScreen.storyboard; sourceTree = "<group>"; };
		F91C11DA27BBB693008810BE /* Info.plist */ = {isa = PBXFileReference; lastKnownFileType = text.plist.xml; path = Info.plist; sourceTree = "<group>"; };
		F91C11E027BBBC5E008810BE /* Petition.swift */ = {isa = PBXFileReference; lastKnownFileType = sourcecode.swift; path = Petition.swift; sourceTree = "<group>"; };
		F91C11E227BBBCD3008810BE /* Petitions.swift */ = {isa = PBXFileReference; lastKnownFileType = sourcecode.swift; path = Petitions.swift; sourceTree = "<group>"; };
		F91C11E427BBCBE6008810BE /* DetailViewController.swift */ = {isa = PBXFileReference; lastKnownFileType = sourcecode.swift; path = DetailViewController.swift; sourceTree = "<group>"; };
/* End PBXFileReference section */

/* Begin PBXFrameworksBuildPhase section */
		F91C11C627BBB690008810BE /* Frameworks */ = {
			isa = PBXFrameworksBuildPhase;
			buildActionMask = 2147483647;
			files = (
			);
			runOnlyForDeploymentPostprocessing = 0;
		};
/* End PBXFrameworksBuildPhase section */

/* Begin PBXGroup section */
		F91C11C027BBB690008810BE = {
			isa = PBXGroup;
			children = (
				F91C11CB27BBB690008810BE /* ProjectJSON */,
				F91C11CA27BBB690008810BE /* Products */,
			);
			sourceTree = "<group>";
		};
		F91C11CA27BBB690008810BE /* Products */ = {
			isa = PBXGroup;
			children = (
				F91C11C927BBB690008810BE /* ProjectJSON.app */,
			);
			name = Products;
			sourceTree = "<group>";
		};
		F91C11CB27BBB690008810BE /* ProjectJSON */ = {
			isa = PBXGroup;
			children = (
				F91C11CC27BBB690008810BE /* AppDelegate.swift */,
				F91C11CE27BBB690008810BE /* SceneDelegate.swift */,
				F91C11D027BBB690008810BE /* ViewController.swift */,
				F91C11E427BBCBE6008810BE /* DetailViewController.swift */,
				F91C11E027BBBC5E008810BE /* Petition.swift */,
				F91C11E227BBBCD3008810BE /* Petitions.swift */,
				F91C11D227BBB690008810BE /* Main.storyboard */,
				F91C11D527BBB693008810BE /* Assets.xcassets */,
				F91C11D727BBB693008810BE /* LaunchScreen.storyboard */,
				F91C11DA27BBB693008810BE /* Info.plist */,
			);
			path = ProjectJSON;
			sourceTree = "<group>";
		};
/* End PBXGroup section */

/* Begin PBXNativeTarget section */
		F91C11C827BBB690008810BE /* ProjectJSON */ = {
			isa = PBXNativeTarget;
			buildConfigurationList = F91C11DD27BBB693008810BE /* Build configuration list for PBXNativeTarget "ProjectJSON" */;
			buildPhases = (
				F91C11C527BBB690008810BE /* Sources */,
				F91C11C627BBB690008810BE /* Frameworks */,
				F91C11C727BBB690008810BE /* Resources */,
			);
			buildRules = (
			);
			dependencies = (
			);
			name = ProjectJSON;
			productName = ProjectJSON;
			productReference = F91C11C927BBB690008810BE /* ProjectJSON.app */;
			productType = "com.apple.product-type.application";
		};
/* End PBXNativeTarget section */

/* Begin PBXProject section */
		F91C11C127BBB690008810BE /* Project object */ = {
			isa = PBXProject;
			attributes = {
				LastSwiftUpdateCheck = 1250;
				LastUpgradeCheck = 1250;
				TargetAttributes = {
					F91C11C827BBB690008810BE = {
						CreatedOnToolsVersion = 12.5.1;
					};
				};
			};
			buildConfigurationList = F91C11C427BBB690008810BE /* Build configuration list for PBXProject "ProjectJSON" */;
			compatibilityVersion = "Xcode 9.3";
			developmentRegion = en;
			hasScannedForEncodings = 0;
			knownRegions = (
				en,
				Base,
			);
			mainGroup = F91C11C027BBB690008810BE;
			productRefGroup = F91C11CA27BBB690008810BE /* Products */;
			projectDirPath = "";
			projectRoot = "";
			targets = (
				F91C11C827BBB690008810BE /* ProjectJSON */,
			);
		};
/* End PBXProject section */

/* Begin PBXResourcesBuildPhase section */
		F91C11C727BBB690008810BE /* Resources */ = {
			isa = PBXResourcesBuildPhase;
			buildActionMask = 2147483647;
			files = (
				F91C11D927BBB693008810BE /* LaunchScreen.storyboard in Resources */,
				F91C11D627BBB693008810BE /* Assets.xcassets in Resources */,
				F91C11D427BBB690008810BE /* Main.storyboard in Resources */,
			);
			runOnlyForDeploymentPostprocessing = 0;
		};
/* End PBXResourcesBuildPhase section */

/* Begin PBXSourcesBuildPhase section */
		F91C11C527BBB690008810BE /* Sources */ = {
			isa = PBXSourcesBuildPhase;
			buildActionMask = 2147483647;
			files = (
				F91C11D127BBB690008810BE /* ViewController.swift in Sources */,
				F91C11E127BBBC5E008810BE /* Petition.swift in Sources */,
				F91C11CD27BBB690008810BE /* AppDelegate.swift in Sources */,
				F91C11E527BBCBE6008810BE /* DetailViewController.swift in Sources */,
				F91C11CF27BBB690008810BE /* SceneDelegate.swift in Sources */,
				F91C11E327BBBCD3008810BE /* Petitions.swift in Sources */,
			);
			runOnlyForDeploymentPostprocessing = 0;
		};
/* End PBXSourcesBuildPhase section */

/* Begin PBXVariantGroup section */
		F91C11D227BBB690008810BE /* Main.storyboard */ = {
			isa = PBXVariantGroup;
			children = (
				F91C11D327BBB690008810BE /* Base */,
			);
			name = Main.storyboard;
			sourceTree = "<group>";
		};
		F91C11D727BBB693008810BE /* LaunchScreen.storyboard */ = {
			isa = PBXVariantGroup;
			children = (
				F91C11D827BBB693008810BE /* Base */,
			);
			name = LaunchScreen.storyboard;
			sourceTree = "<group>";
		};
/* End PBXVariantGroup section */

/* Begin XCBuildConfiguration section */
		F91C11DB27BBB693008810BE /* Debug */ = {
			isa = XCBuildConfiguration;
			buildSettings = {
				ALWAYS_SEARCH_USER_PATHS = NO;
				CLANG_ANALYZER_NONNULL = YES;
				CLANG_ANALYZER_NUMBER_OBJECT_CONVERSION = YES_AGGRESSIVE;
				CLANG_CXX_LANGUAGE_STANDARD = "gnu++14";
				CLANG_CXX_LIBRARY = "libc++";
				CLANG_ENABLE_MODULES = YES;
				CLANG_ENABLE_OBJC_ARC = YES;
				CLANG_ENABLE_OBJC_WEAK = YES;
				CLANG_WARN_BLOCK_CAPTURE_AUTORELEASING = YES;
				CLANG_WARN_BOOL_CONVERSION = YES;
				CLANG_WARN_COMMA = YES;
				CLANG_WARN_CONSTANT_CONVERSION = YES;
				CLANG_WARN_DEPRECATED_OBJC_IMPLEMENTATIONS = YES;
				CLANG_WARN_DIRECT_OBJC_ISA_USAGE = YES_ERROR;
				CLANG_WARN_DOCUMENTATION_COMMENTS = YES;
				CLANG_WARN_EMPTY_BODY = YES;
				CLANG_WARN_ENUM_CONVERSION = YES;
				CLANG_WARN_INFINITE_RECURSION = YES;
				CLANG_WARN_INT_CONVERSION = YES;
				CLANG_WARN_NON_LITERAL_NULL_CONVERSION = YES;
				CLANG_WARN_OBJC_IMPLICIT_RETAIN_SELF = YES;
				CLANG_WARN_OBJC_LITERAL_CONVERSION = YES;
				CLANG_WARN_OBJC_ROOT_CLASS = YES_ERROR;
				CLANG_WARN_QUOTED_INCLUDE_IN_FRAMEWORK_HEADER = YES;
				CLANG_WARN_RANGE_LOOP_ANALYSIS = YES;
				CLANG_WARN_STRICT_PROTOTYPES = YES;
				CLANG_WARN_SUSPICIOUS_MOVE = YES;
				CLANG_WARN_UNGUARDED_AVAILABILITY = YES_AGGRESSIVE;
				CLANG_WARN_UNREACHABLE_CODE = YES;
				CLANG_WARN__DUPLICATE_METHOD_MATCH = YES;
				COPY_PHASE_STRIP = NO;
				DEBUG_INFORMATION_FORMAT = dwarf;
				ENABLE_STRICT_OBJC_MSGSEND = YES;
				ENABLE_TESTABILITY = YES;
				GCC_C_LANGUAGE_STANDARD = gnu11;
				GCC_DYNAMIC_NO_PIC = NO;
				GCC_NO_COMMON_BLOCKS = YES;
				GCC_OPTIMIZATION_LEVEL = 0;
				GCC_PREPROCESSOR_DEFINITIONS = (
					"DEBUG=1",
					"$(inherited)",
				);
				GCC_WARN_64_TO_32_BIT_CONVERSION = YES;
				GCC_WARN_ABOUT_RETURN_TYPE = YES_ERROR;
				GCC_WARN_UNDECLARED_SELECTOR = YES;
				GCC_WARN_UNINITIALIZED_AUTOS = YES_AGGRESSIVE;
				GCC_WARN_UNUSED_FUNCTION = YES;
				GCC_WARN_UNUSED_VARIABLE = YES;
				IPHONEOS_DEPLOYMENT_TARGET = 14.5;
				MTL_ENABLE_DEBUG_INFO = INCLUDE_SOURCE;
				MTL_FAST_MATH = YES;
				ONLY_ACTIVE_ARCH = YES;
				SDKROOT = iphoneos;
				SWIFT_ACTIVE_COMPILATION_CONDITIONS = DEBUG;
				SWIFT_OPTIMIZATION_LEVEL = "-Onone";
			};
			name = Debug;
		};
		F91C11DC27BBB693008810BE /* Release */ = {
			isa = XCBuildConfiguration;
			buildSettings = {
				ALWAYS_SEARCH_USER_PATHS = NO;
				CLANG_ANALYZER_NONNULL = YES;
				CLANG_ANALYZER_NUMBER_OBJECT_CONVERSION = YES_AGGRESSIVE;
				CLANG_CXX_LANGUAGE_STANDARD = "gnu++14";
				CLANG_CXX_LIBRARY = "libc++";
				CLANG_ENABLE_MODULES = YES;
				CLANG_ENABLE_OBJC_ARC = YES;
				CLANG_ENABLE_OBJC_WEAK = YES;
				CLANG_WARN_BLOCK_CAPTURE_AUTORELEASING = YES;
				CLANG_WARN_BOOL_CONVERSION = YES;
				CLANG_WARN_COMMA = YES;
				CLANG_WARN_CONSTANT_CONVERSION = YES;
				CLANG_WARN_DEPRECATED_OBJC_IMPLEMENTATIONS = YES;
				CLANG_WARN_DIRECT_OBJC_ISA_USAGE = YES_ERROR;
				CLANG_WARN_DOCUMENTATION_COMMENTS = YES;
				CLANG_WARN_EMPTY_BODY = YES;
				CLANG_WARN_ENUM_CONVERSION = YES;
				CLANG_WARN_INFINITE_RECURSION = YES;
				CLANG_WARN_INT_CONVERSION = YES;
				CLANG_WARN_NON_LITERAL_NULL_CONVERSION = YES;
				CLANG_WARN_OBJC_IMPLICIT_RETAIN_SELF = YES;
				CLANG_WARN_OBJC_LITERAL_CONVERSION = YES;
				CLANG_WARN_OBJC_ROOT_CLASS = YES_ERROR;
				CLANG_WARN_QUOTED_INCLUDE_IN_FRAMEWORK_HEADER = YES;
				CLANG_WARN_RANGE_LOOP_ANALYSIS = YES;
				CLANG_WARN_STRICT_PROTOTYPES = YES;
				CLANG_WARN_SUSPICIOUS_MOVE = YES;
				CLANG_WARN_UNGUARDED_AVAILABILITY = YES_AGGRESSIVE;
				CLANG_WARN_UNREACHABLE_CODE = YES;
				CLANG_WARN__DUPLICATE_METHOD_MATCH = YES;
				COPY_PHASE_STRIP = NO;
				DEBUG_INFORMATION_FORMAT = "dwarf-with-dsym";
				ENABLE_NS_ASSERTIONS = NO;
				ENABLE_STRICT_OBJC_MSGSEND = YES;
				GCC_C_LANGUAGE_STANDARD = gnu11;
				GCC_NO_COMMON_BLOCKS = YES;
				GCC_WARN_64_TO_32_BIT_CONVERSION = YES;
				GCC_WARN_ABOUT_RETURN_TYPE = YES_ERROR;
				GCC_WARN_UNDECLARED_SELECTOR = YES;
				GCC_WARN_UNINITIALIZED_AUTOS = YES_AGGRESSIVE;
				GCC_WARN_UNUSED_FUNCTION = YES;
				GCC_WARN_UNUSED_VARIABLE = YES;
				IPHONEOS_DEPLOYMENT_TARGET = 14.5;
				MTL_ENABLE_DEBUG_INFO = NO;
				MTL_FAST_MATH = YES;
				SDKROOT = iphoneos;
				SWIFT_COMPILATION_MODE = wholemodule;
				SWIFT_OPTIMIZATION_LEVEL = "-O";
				VALIDATE_PRODUCT = YES;
			};
			name = Release;
		};
		F91C11DE27BBB693008810BE /* Debug */ = {
			isa = XCBuildConfiguration;
			buildSettings = {
				ASSETCATALOG_COMPILER_APPICON_NAME = AppIcon;
				ASSETCATALOG_COMPILER_GLOBAL_ACCENT_COLOR_NAME = AccentColor;
				CODE_SIGN_STYLE = Automatic;
				INFOPLIST_FILE = ProjectJSON/Info.plist;
				LD_RUNPATH_SEARCH_PATHS = (
					"$(inherited)",
					"@executable_path/Frameworks",
				);
				PRODUCT_BUNDLE_IDENTIFIER = V11.ProjectJSON;
				PRODUCT_NAME = "$(TARGET_NAME)";
				SWIFT_VERSION = 5.0;
				TARGETED_DEVICE_FAMILY = "1,2";
			};
			name = Debug;
		};
		F91C11DF27BBB693008810BE /* Release */ = {
			isa = XCBuildConfiguration;
			buildSettings = {
				ASSETCATALOG_COMPILER_APPICON_NAME = AppIcon;
				ASSETCATALOG_COMPILER_GLOBAL_ACCENT_COLOR_NAME = AccentColor;
				CODE_SIGN_STYLE = Automatic;
				INFOPLIST_FILE = ProjectJSON/Info.plist;
				LD_RUNPATH_SEARCH_PATHS = (
					"$(inherited)",
					"@executable_path/Frameworks",
				);
				PRODUCT_BUNDLE_IDENTIFIER = V11.ProjectJSON;
				PRODUCT_NAME = "$(TARGET_NAME)";
				SWIFT_VERSION = 5.0;
				TARGETED_DEVICE_FAMILY = "1,2";
			};
			name = Release;
		};
/* End XCBuildConfiguration section */

/* Begin XCConfigurationList section */
		F91C11C427BBB690008810BE /* Build configuration list for PBXProject "ProjectJSON" */ = {
			isa = XCConfigurationList;
			buildConfigurations = (
				F91C11DB27BBB693008810BE /* Debug */,
				F91C11DC27BBB693008810BE /* Release */,
			);
			defaultConfigurationIsVisible = 0;
			defaultConfigurationName = Release;
		};
		F91C11DD27BBB693008810BE /* Build configuration list for PBXNativeTarget "ProjectJSON" */ = {
			isa = XCConfigurationList;
			buildConfigurations = (
				F91C11DE27BBB693008810BE /* Debug */,
				F91C11DF27BBB693008810BE /* Release */,
			);
			defaultConfigurationIsVisible = 0;
			defaultConfigurationName = Release;
		};
/* End XCConfigurationList section */
	};
	rootObject = F91C11C127BBB690008810BE /* Project object */;
}
